// !$*UTF8*$!
{
	archiveVersion = 1;
	classes = {
	};
	objectVersion = 46;
	objects = {

/* Begin PBXBuildFile section */
		FF233D1E1E939EFE00D5E7F9 /* AppDelegate.swift in Sources */ = {isa = PBXBuildFile; fileRef = FF233D1D1E939EFE00D5E7F9 /* AppDelegate.swift */; };
		FF233D201E939EFE00D5E7F9 /* ViewController.swift in Sources */ = {isa = PBXBuildFile; fileRef = FF233D1F1E939EFE00D5E7F9 /* ViewController.swift */; };
		FF233D231E939EFE00D5E7F9 /* Main.storyboard in Resources */ = {isa = PBXBuildFile; fileRef = FF233D211E939EFE00D5E7F9 /* Main.storyboard */; };
		FF233D251E939EFE00D5E7F9 /* Assets.xcassets in Resources */ = {isa = PBXBuildFile; fileRef = FF233D241E939EFE00D5E7F9 /* Assets.xcassets */; };
		FF233D281E939EFE00D5E7F9 /* LaunchScreen.storyboard in Resources */ = {isa = PBXBuildFile; fileRef = FF233D261E939EFE00D5E7F9 /* LaunchScreen.storyboard */; };
		FF233D341E93ABC200D5E7F9 /* AlbumListTableViewController.swift in Sources */ = {isa = PBXBuildFile; fileRef = FF233D2F1E93ABC200D5E7F9 /* AlbumListTableViewController.swift */; };
		FF233D351E93ABC200D5E7F9 /* LoginTableViewController.swift in Sources */ = {isa = PBXBuildFile; fileRef = FF233D301E93ABC200D5E7F9 /* LoginTableViewController.swift */; };
		FF233D361E93ABC200D5E7F9 /* RealmDataCenter.swift in Sources */ = {isa = PBXBuildFile; fileRef = FF233D311E93ABC200D5E7F9 /* RealmDataCenter.swift */; };
		FF233D371E93ABC200D5E7F9 /* SignUpTableViewController.swift in Sources */ = {isa = PBXBuildFile; fileRef = FF233D321E93ABC200D5E7F9 /* SignUpTableViewController.swift */; };
		FF233D381E93ABC200D5E7F9 /* User.swift in Sources */ = {isa = PBXBuildFile; fileRef = FF233D331E93ABC200D5E7F9 /* User.swift */; };
		FF233D3B1E93AC1200D5E7F9 /* Realm.framework in Frameworks */ = {isa = PBXBuildFile; fileRef = FF233D391E93AC1200D5E7F9 /* Realm.framework */; };
		FF233D3C1E93AC1200D5E7F9 /* Realm.framework in Embed Frameworks */ = {isa = PBXBuildFile; fileRef = FF233D391E93AC1200D5E7F9 /* Realm.framework */; settings = {ATTRIBUTES = (CodeSignOnCopy, RemoveHeadersOnCopy, ); }; };
		FF233D3D1E93AC1200D5E7F9 /* RealmSwift.framework in Frameworks */ = {isa = PBXBuildFile; fileRef = FF233D3A1E93AC1200D5E7F9 /* RealmSwift.framework */; };
		FF233D3E1E93AC1200D5E7F9 /* RealmSwift.framework in Embed Frameworks */ = {isa = PBXBuildFile; fileRef = FF233D3A1E93AC1200D5E7F9 /* RealmSwift.framework */; settings = {ATTRIBUTES = (CodeSignOnCopy, RemoveHeadersOnCopy, ); }; };
		FF233D431E93C26400D5E7F9 /* AlbumListTableViewCell.swift in Sources */ = {isa = PBXBuildFile; fileRef = FF233D421E93C26400D5E7F9 /* AlbumListTableViewCell.swift */; };
/* End PBXBuildFile section */

/* Begin PBXCopyFilesBuildPhase section */
		FF233D3F1E93AC1200D5E7F9 /* Embed Frameworks */ = {
			isa = PBXCopyFilesBuildPhase;
			buildActionMask = 2147483647;
			dstPath = "";
			dstSubfolderSpec = 10;
			files = (
				FF233D3E1E93AC1200D5E7F9 /* RealmSwift.framework in Embed Frameworks */,
				FF233D3C1E93AC1200D5E7F9 /* Realm.framework in Embed Frameworks */,
			);
			name = "Embed Frameworks";
			runOnlyForDeploymentPostprocessing = 0;
		};
/* End PBXCopyFilesBuildPhase section */

/* Begin PBXFileReference section */
		FF233D1A1E939EFE00D5E7F9 /* RMPPhotoAlbum.app */ = {isa = PBXFileReference; explicitFileType = wrapper.application; includeInIndex = 0; path = RMPPhotoAlbum.app; sourceTree = BUILT_PRODUCTS_DIR; };
		FF233D1D1E939EFE00D5E7F9 /* AppDelegate.swift */ = {isa = PBXFileReference; lastKnownFileType = sourcecode.swift; path = AppDelegate.swift; sourceTree = "<group>"; };
		FF233D1F1E939EFE00D5E7F9 /* ViewController.swift */ = {isa = PBXFileReference; lastKnownFileType = sourcecode.swift; path = ViewController.swift; sourceTree = "<group>"; };
		FF233D221E939EFE00D5E7F9 /* Base */ = {isa = PBXFileReference; lastKnownFileType = file.storyboard; name = Base; path = Base.lproj/Main.storyboard; sourceTree = "<group>"; };
		FF233D241E939EFE00D5E7F9 /* Assets.xcassets */ = {isa = PBXFileReference; lastKnownFileType = folder.assetcatalog; path = Assets.xcassets; sourceTree = "<group>"; };
		FF233D271E939EFE00D5E7F9 /* Base */ = {isa = PBXFileReference; lastKnownFileType = file.storyboard; name = Base; path = Base.lproj/LaunchScreen.storyboard; sourceTree = "<group>"; };
		FF233D291E939EFE00D5E7F9 /* Info.plist */ = {isa = PBXFileReference; lastKnownFileType = text.plist.xml; path = Info.plist; sourceTree = "<group>"; };
		FF233D2F1E93ABC200D5E7F9 /* AlbumListTableViewController.swift */ = {isa = PBXFileReference; fileEncoding = 4; lastKnownFileType = sourcecode.swift; path = AlbumListTableViewController.swift; sourceTree = "<group>"; };
		FF233D301E93ABC200D5E7F9 /* LoginTableViewController.swift */ = {isa = PBXFileReference; fileEncoding = 4; lastKnownFileType = sourcecode.swift; path = LoginTableViewController.swift; sourceTree = "<group>"; };
		FF233D311E93ABC200D5E7F9 /* RealmDataCenter.swift */ = {isa = PBXFileReference; fileEncoding = 4; lastKnownFileType = sourcecode.swift; path = RealmDataCenter.swift; sourceTree = "<group>"; };
		FF233D321E93ABC200D5E7F9 /* SignUpTableViewController.swift */ = {isa = PBXFileReference; fileEncoding = 4; lastKnownFileType = sourcecode.swift; path = SignUpTableViewController.swift; sourceTree = "<group>"; };
		FF233D331E93ABC200D5E7F9 /* User.swift */ = {isa = PBXFileReference; fileEncoding = 4; lastKnownFileType = sourcecode.swift; path = User.swift; sourceTree = "<group>"; };
		FF233D391E93AC1200D5E7F9 /* Realm.framework */ = {isa = PBXFileReference; lastKnownFileType = wrapper.framework; name = Realm.framework; path = ../Carthage/Build/iOS/Realm.framework; sourceTree = "<group>"; };
		FF233D3A1E93AC1200D5E7F9 /* RealmSwift.framework */ = {isa = PBXFileReference; lastKnownFileType = wrapper.framework; name = RealmSwift.framework; path = ../Carthage/Build/iOS/RealmSwift.framework; sourceTree = "<group>"; };
		FF233D421E93C26400D5E7F9 /* AlbumListTableViewCell.swift */ = {isa = PBXFileReference; fileEncoding = 4; lastKnownFileType = sourcecode.swift; path = AlbumListTableViewCell.swift; sourceTree = "<group>"; };
/* End PBXFileReference section */

/* Begin PBXFrameworksBuildPhase section */
		FF233D171E939EFE00D5E7F9 /* Frameworks */ = {
			isa = PBXFrameworksBuildPhase;
			buildActionMask = 2147483647;
			files = (
				FF233D3D1E93AC1200D5E7F9 /* RealmSwift.framework in Frameworks */,
				FF233D3B1E93AC1200D5E7F9 /* Realm.framework in Frameworks */,
			);
			runOnlyForDeploymentPostprocessing = 0;
		};
/* End PBXFrameworksBuildPhase section */

/* Begin PBXGroup section */
		FF233D111E939EFE00D5E7F9 = {
			isa = PBXGroup;
			children = (
				FF233D1C1E939EFE00D5E7F9 /* RMPPhotoAlbum */,
				FF233D1B1E939EFE00D5E7F9 /* Products */,
			);
			sourceTree = "<group>";
		};
		FF233D1B1E939EFE00D5E7F9 /* Products */ = {
			isa = PBXGroup;
			children = (
				FF233D1A1E939EFE00D5E7F9 /* RMPPhotoAlbum.app */,
			);
			name = Products;
			sourceTree = "<group>";
		};
		FF233D1C1E939EFE00D5E7F9 /* RMPPhotoAlbum */ = {
			isa = PBXGroup;
			children = (
				FF233D401E93AC1700D5E7F9 /* Framework */,
				FF233D1D1E939EFE00D5E7F9 /* AppDelegate.swift */,
				FF233D1F1E939EFE00D5E7F9 /* ViewController.swift */,
				FF233D2F1E93ABC200D5E7F9 /* AlbumListTableViewController.swift */,
				FF233D421E93C26400D5E7F9 /* AlbumListTableViewCell.swift */,
				FF233D301E93ABC200D5E7F9 /* LoginTableViewController.swift */,
				FF233D311E93ABC200D5E7F9 /* RealmDataCenter.swift */,
				FF233D321E93ABC200D5E7F9 /* SignUpTableViewController.swift */,
				FF233D331E93ABC200D5E7F9 /* User.swift */,
				FF233D211E939EFE00D5E7F9 /* Main.storyboard */,
				FF233D241E939EFE00D5E7F9 /* Assets.xcassets */,
				FF233D261E939EFE00D5E7F9 /* LaunchScreen.storyboard */,
				FF233D291E939EFE00D5E7F9 /* Info.plist */,
			);
			path = RMPPhotoAlbum;
			sourceTree = "<group>";
		};
		FF233D401E93AC1700D5E7F9 /* Framework */ = {
			isa = PBXGroup;
			children = (
				FF233D391E93AC1200D5E7F9 /* Realm.framework */,
				FF233D3A1E93AC1200D5E7F9 /* RealmSwift.framework */,
			);
			name = Framework;
			sourceTree = "<group>";
		};
/* End PBXGroup section */

/* Begin PBXNativeTarget section */
		FF233D191E939EFE00D5E7F9 /* RMPPhotoAlbum */ = {
			isa = PBXNativeTarget;
			buildConfigurationList = FF233D2C1E939EFE00D5E7F9 /* Build configuration list for PBXNativeTarget "RMPPhotoAlbum" */;
			buildPhases = (
				FF233D161E939EFE00D5E7F9 /* Sources */,
				FF233D171E939EFE00D5E7F9 /* Frameworks */,
				FF233D181E939EFE00D5E7F9 /* Resources */,
				FF233D3F1E93AC1200D5E7F9 /* Embed Frameworks */,
			);
			buildRules = (
			);
			dependencies = (
			);
			name = RMPPhotoAlbum;
			productName = RMPPhotoAlbum;
			productReference = FF233D1A1E939EFE00D5E7F9 /* RMPPhotoAlbum.app */;
			productType = "com.apple.product-type.application";
		};
/* End PBXNativeTarget section */

/* Begin PBXProject section */
		FF233D121E939EFE00D5E7F9 /* Project object */ = {
			isa = PBXProject;
			attributes = {
				LastSwiftUpdateCheck = 0830;
				LastUpgradeCheck = 0830;
				ORGANIZATIONNAME = "Lee Jiho";
				TargetAttributes = {
					FF233D191E939EFE00D5E7F9 = {
						CreatedOnToolsVersion = 8.3;
						DevelopmentTeam = PAFK4RNFW2;
						ProvisioningStyle = Automatic;
					};
				};
			};
			buildConfigurationList = FF233D151E939EFE00D5E7F9 /* Build configuration list for PBXProject "RMPPhotoAlbum" */;
			compatibilityVersion = "Xcode 3.2";
			developmentRegion = English;
			hasScannedForEncodings = 0;
			knownRegions = (
				en,
				Base,
			);
			mainGroup = FF233D111E939EFE00D5E7F9;
			productRefGroup = FF233D1B1E939EFE00D5E7F9 /* Products */;
			projectDirPath = "";
			projectRoot = "";
			targets = (
				FF233D191E939EFE00D5E7F9 /* RMPPhotoAlbum */,
			);
		};
/* End PBXProject section */

/* Begin PBXResourcesBuildPhase section */
		FF233D181E939EFE00D5E7F9 /* Resources */ = {
			isa = PBXResourcesBuildPhase;
			buildActionMask = 2147483647;
			files = (
				FF233D281E939EFE00D5E7F9 /* LaunchScreen.storyboard in Resources */,
				FF233D251E939EFE00D5E7F9 /* Assets.xcassets in Resources */,
				FF233D231E939EFE00D5E7F9 /* Main.storyboard in Resources */,
			);
			runOnlyForDeploymentPostprocessing = 0;
		};
/* End PBXResourcesBuildPhase section */

/* Begin PBXSourcesBuildPhase section */
		FF233D161E939EFE00D5E7F9 /* Sources */ = {
			isa = PBXSourcesBuildPhase;
			buildActionMask = 2147483647;
			files = (
				FF233D361E93ABC200D5E7F9 /* RealmDataCenter.swift in Sources */,
				FF233D371E93ABC200D5E7F9 /* SignUpTableViewController.swift in Sources */,
				FF233D341E93ABC200D5E7F9 /* AlbumListTableViewController.swift in Sources */,
				FF233D351E93ABC200D5E7F9 /* LoginTableViewController.swift in Sources */,
				FF233D201E939EFE00D5E7F9 /* ViewController.swift in Sources */,
				FF233D1E1E939EFE00D5E7F9 /* AppDelegate.swift in Sources */,
				FF233D381E93ABC200D5E7F9 /* User.swift in Sources */,
				FF233D431E93C26400D5E7F9 /* AlbumListTableViewCell.swift in Sources */,
			);
			runOnlyForDeploymentPostprocessing = 0;
		};
/* End PBXSourcesBuildPhase section */

/* Begin PBXVariantGroup section */
		FF233D211E939EFE00D5E7F9 /* Main.storyboard */ = {
			isa = PBXVariantGroup;
			children = (
				FF233D221E939EFE00D5E7F9 /* Base */,
			);
			name = Main.storyboard;
			sourceTree = "<group>";
		};
		FF233D261E939EFE00D5E7F9 /* LaunchScreen.storyboard */ = {
			isa = PBXVariantGroup;
			children = (
				FF233D271E939EFE00D5E7F9 /* Base */,
			);
			name = LaunchScreen.storyboard;
			sourceTree = "<group>";
		};
/* End PBXVariantGroup section */

/* Begin XCBuildConfiguration section */
		FF233D2A1E939EFE00D5E7F9 /* Debug */ = {
			isa = XCBuildConfiguration;
			buildSettings = {
				ALWAYS_SEARCH_USER_PATHS = NO;
				CLANG_ANALYZER_NONNULL = YES;
				CLANG_ANALYZER_NUMBER_OBJECT_CONVERSION = YES_AGGRESSIVE;
				CLANG_CXX_LANGUAGE_STANDARD = "gnu++0x";
				CLANG_CXX_LIBRARY = "libc++";
				CLANG_ENABLE_MODULES = YES;
				CLANG_ENABLE_OBJC_ARC = YES;
				CLANG_WARN_BOOL_CONVERSION = YES;
				CLANG_WARN_CONSTANT_CONVERSION = YES;
				CLANG_WARN_DIRECT_OBJC_ISA_USAGE = YES_ERROR;
				CLANG_WARN_DOCUMENTATION_COMMENTS = YES;
				CLANG_WARN_EMPTY_BODY = YES;
				CLANG_WARN_ENUM_CONVERSION = YES;
				CLANG_WARN_INFINITE_RECURSION = YES;
				CLANG_WARN_INT_CONVERSION = YES;
				CLANG_WARN_OBJC_ROOT_CLASS = YES_ERROR;
				CLANG_WARN_SUSPICIOUS_MOVE = YES;
				CLANG_WARN_UNREACHABLE_CODE = YES;
				CLANG_WARN__DUPLICATE_METHOD_MATCH = YES;
				"CODE_SIGN_IDENTITY[sdk=iphoneos*]" = "iPhone Developer";
				COPY_PHASE_STRIP = NO;
				DEBUG_INFORMATION_FORMAT = dwarf;
				ENABLE_STRICT_OBJC_MSGSEND = YES;
				ENABLE_TESTABILITY = YES;
				GCC_C_LANGUAGE_STANDARD = gnu99;
				GCC_DYNAMIC_NO_PIC = NO;
				GCC_NO_COMMON_BLOCKS = YES;
				GCC_OPTIMIZATION_LEVEL = 0;
				GCC_PREPROCESSOR_DEFINITIONS = (
					"DEBUG=1",
					"$(inherited)",
				);
				GCC_WARN_64_TO_32_BIT_CONVERSION = YES;
				GCC_WARN_ABOUT_RETURN_TYPE = YES_ERROR;
				GCC_WARN_UNDECLARED_SELECTOR = YES;
				GCC_WARN_UNINITIALIZED_AUTOS = YES_AGGRESSIVE;
				GCC_WARN_UNUSED_FUNCTION = YES;
				GCC_WARN_UNUSED_VARIABLE = YES;
				IPHONEOS_DEPLOYMENT_TARGET = 10.3;
				MTL_ENABLE_DEBUG_INFO = YES;
				ONLY_ACTIVE_ARCH = YES;
				SDKROOT = iphoneos;
				SWIFT_ACTIVE_COMPILATION_CONDITIONS = DEBUG;
				SWIFT_OPTIMIZATION_LEVEL = "-Onone";
			};
			name = Debug;
		};
		FF233D2B1E939EFE00D5E7F9 /* Release */ = {
			isa = XCBuildConfiguration;
			buildSettings = {
				ALWAYS_SEARCH_USER_PATHS = NO;
				CLANG_ANALYZER_NONNULL = YES;
				CLANG_ANALYZER_NUMBER_OBJECT_CONVERSION = YES_AGGRESSIVE;
				CLANG_CXX_LANGUAGE_STANDARD = "gnu++0x";
				CLANG_CXX_LIBRARY = "libc++";
				CLANG_ENABLE_MODULES = YES;
				CLANG_ENABLE_OBJC_ARC = YES;
				CLANG_WARN_BOOL_CONVERSION = YES;
				CLANG_WARN_CONSTANT_CONVERSION = YES;
				CLANG_WARN_DIRECT_OBJC_ISA_USAGE = YES_ERROR;
				CLANG_WARN_DOCUMENTATION_COMMENTS = YES;
				CLANG_WARN_EMPTY_BODY = YES;
				CLANG_WARN_ENUM_CONVERSION = YES;
				CLANG_WARN_INFINITE_RECURSION = YES;
				CLANG_WARN_INT_CONVERSION = YES;
				CLANG_WARN_OBJC_ROOT_CLASS = YES_ERROR;
				CLANG_WARN_SUSPICIOUS_MOVE = YES;
				CLANG_WARN_UNREACHABLE_CODE = YES;
				CLANG_WARN__DUPLICATE_METHOD_MATCH = YES;
				"CODE_SIGN_IDENTITY[sdk=iphoneos*]" = "iPhone Developer";
				COPY_PHASE_STRIP = NO;
				DEBUG_INFORMATION_FORMAT = "dwarf-with-dsym";
				ENABLE_NS_ASSERTIONS = NO;
				ENABLE_STRICT_OBJC_MSGSEND = YES;
				GCC_C_LANGUAGE_STANDARD = gnu99;
				GCC_NO_COMMON_BLOCKS = YES;
				GCC_WARN_64_TO_32_BIT_CONVERSION = YES;
				GCC_WARN_ABOUT_RETURN_TYPE = YES_ERROR;
				GCC_WARN_UNDECLARED_SELECTOR = YES;
				GCC_WARN_UNINITIALIZED_AUTOS = YES_AGGRESSIVE;
				GCC_WARN_UNUSED_FUNCTION = YES;
				GCC_WARN_UNUSED_VARIABLE = YES;
				IPHONEOS_DEPLOYMENT_TARGET = 10.3;
				MTL_ENABLE_DEBUG_INFO = NO;
				SDKROOT = iphoneos;
				SWIFT_OPTIMIZATION_LEVEL = "-Owholemodule";
				VALIDATE_PRODUCT = YES;
			};
			name = Release;
		};
		FF233D2D1E939EFE00D5E7F9 /* Debug */ = {
			isa = XCBuildConfiguration;
			buildSettings = {
				ASSETCATALOG_COMPILER_APPICON_NAME = AppIcon;
				DEVELOPMENT_TEAM = PAFK4RNFW2;
				FRAMEWORK_SEARCH_PATHS = (
					"$(inherited)",
					"$(PROJECT_DIR)/Carthage/Build/iOS",
				);
				INFOPLIST_FILE = RMPPhotoAlbum/Info.plist;
				LD_RUNPATH_SEARCH_PATHS = "$(inherited) @executable_path/Frameworks";
				PRODUCT_BUNDLE_IDENTIFIER = com.zzzbag.RMPPhotoAlbum;
				PRODUCT_NAME = "$(TARGET_NAME)";
				SWIFT_VERSION = 3.0;
			};
			name = Debug;
		};
		FF233D2E1E939EFE00D5E7F9 /* Release */ = {
			isa = XCBuildConfiguration;
			buildSettings = {
				ASSETCATALOG_COMPILER_APPICON_NAME = AppIcon;
				DEVELOPMENT_TEAM = PAFK4RNFW2;
				FRAMEWORK_SEARCH_PATHS = (
					"$(inherited)",
					"$(PROJECT_DIR)/Carthage/Build/iOS",
				);
				INFOPLIST_FILE = RMPPhotoAlbum/Info.plist;
				LD_RUNPATH_SEARCH_PATHS = "$(inherited) @executable_path/Frameworks";
				PRODUCT_BUNDLE_IDENTIFIER = com.zzzbag.RMPPhotoAlbum;
				PRODUCT_NAME = "$(TARGET_NAME)";
				SWIFT_VERSION = 3.0;
			};
			name = Release;
		};
/* End XCBuildConfiguration section */

/* Begin XCConfigurationList section */
		FF233D151E939EFE00D5E7F9 /* Build configuration list for PBXProject "RMPPhotoAlbum" */ = {
			isa = XCConfigurationList;
			buildConfigurations = (
				FF233D2A1E939EFE00D5E7F9 /* Debug */,
				FF233D2B1E939EFE00D5E7F9 /* Release */,
			);
			defaultConfigurationIsVisible = 0;
			defaultConfigurationName = Release;
		};
		FF233D2C1E939EFE00D5E7F9 /* Build configuration list for PBXNativeTarget "RMPPhotoAlbum" */ = {
			isa = XCConfigurationList;
			buildConfigurations = (
				FF233D2D1E939EFE00D5E7F9 /* Debug */,
				FF233D2E1E939EFE00D5E7F9 /* Release */,
			);
			defaultConfigurationIsVisible = 0;
		};
/* End XCConfigurationList section */
	};
	rootObject = FF233D121E939EFE00D5E7F9 /* Project object */;
}
